{
  "name": "EasyMeal",
  "version": "2.0.0",
  "lockfileVersion": 3,
  "requires": true,
  "description": "EasyMeal V2 — API Node.js / Express / PostgreSQL",
  "main": "server.js",
  "packages": {},
  "devDependencies": {
    "nodemon": "^3.1.4"
  },
  "scripts": {
    "db:schema": "psql $DATABASE_URL -f db/schema.sql",
    "db:seed": "psql $DATABASE_URL -f db/seed.sql",
    "dev": "nodemon server.js",
    "start": "node server.js"
  }
}
